
Microsoft Visual Studio Solution File, Format Version 12.00
# Visual Studio 15
VisualStudioVersion = 15.0.27130.2026
MinimumVisualStudioVersion = 10.0.40219.1
Project("{9A19103F-16F7-4668-BE54-9A1E7A4F7556}") = "InternEventSinglePageSite", "InternEventSinglePageSite\InternEventSinglePageSite.csproj", "{93667AC7-119C-4BF9-B08A-745105C7ECFB}"
EndProject
Global
	GlobalSection(SolutionConfigurationPlatforms) = preSolution
		Debug|Any CPU = Debug|Any CPU
		Release|Any CPU = Release|Any CPU
	EndGlobalSection
	GlobalSection(ProjectConfigurationPlatforms) = postSolution
		{93667AC7-119C-4BF9-B08A-745105C7ECFB}.Debug|Any CPU.ActiveCfg = Debug|Any CPU
		{93667AC7-119C-4BF9-B08A-745105C7ECFB}.Debug|Any CPU.Build.0 = Debug|Any CPU
		{93667AC7-119C-4BF9-B08A-745105C7ECFB}.Release|Any CPU.ActiveCfg = Release|Any CPU
		{93667AC7-119C-4BF9-B08A-745105C7ECFB}.Release|Any CPU.Build.0 = Release|Any CPU
	EndGlobalSection
	GlobalSection(SolutionProperties) = preSolution
		HideSolutionNode = FALSE
	EndGlobalSection
	GlobalSection(ExtensibilityGlobals) = postSolution
		SolutionGuid = {FAE7FEC1-2B39-4262-875D-4124D7D8424A}
	EndGlobalSection
EndGlobal
